
Microsoft Visual Studio Solution File, Format Version 12.00
# Visual Studio Version 17
VisualStudioVersion = 17.3.32804.467
MinimumVisualStudioVersion = 10.0.40219.1
Project("{9A19103F-16F7-4668-BE54-9A1E7A4F7556}") = "Challange_1", "Challange_1\Challange_1.csproj", "{E430A271-FD82-4F89-A67E-975EC9CA74F9}"
EndProject
Project("{9A19103F-16F7-4668-BE54-9A1E7A4F7556}") = "Challange_2", "Challange_2\Challange_2.csproj", "{77C3A865-EAF6-4BFA-A2B2-5A42601BCBA2}"
EndProject
Project("{9A19103F-16F7-4668-BE54-9A1E7A4F7556}") = "Challenge_3", "Challenge_3\Challenge_3.csproj", "{366425CA-6918-4212-A03F-E2D8EB05588A}"
EndProject
Project("{FAE04EC0-301F-11D3-BF4B-00C04F79EFBC}") = "Challenge_4", "Challenge_4\Challenge_4.csproj", "{7FCA388A-27DC-4D61-8534-12459FCF385C}"
EndProject
Global
	GlobalSection(SolutionConfigurationPlatforms) = preSolution
		Debug|Any CPU = Debug|Any CPU
		Release|Any CPU = Release|Any CPU
	EndGlobalSection
	GlobalSection(ProjectConfigurationPlatforms) = postSolution
		{E430A271-FD82-4F89-A67E-975EC9CA74F9}.Debug|Any CPU.ActiveCfg = Debug|Any CPU
		{E430A271-FD82-4F89-A67E-975EC9CA74F9}.Debug|Any CPU.Build.0 = Debug|Any CPU
		{E430A271-FD82-4F89-A67E-975EC9CA74F9}.Release|Any CPU.ActiveCfg = Release|Any CPU
		{E430A271-FD82-4F89-A67E-975EC9CA74F9}.Release|Any CPU.Build.0 = Release|Any CPU
		{77C3A865-EAF6-4BFA-A2B2-5A42601BCBA2}.Debug|Any CPU.ActiveCfg = Debug|Any CPU
		{77C3A865-EAF6-4BFA-A2B2-5A42601BCBA2}.Debug|Any CPU.Build.0 = Debug|Any CPU
		{77C3A865-EAF6-4BFA-A2B2-5A42601BCBA2}.Release|Any CPU.ActiveCfg = Release|Any CPU
		{77C3A865-EAF6-4BFA-A2B2-5A42601BCBA2}.Release|Any CPU.Build.0 = Release|Any CPU
		{366425CA-6918-4212-A03F-E2D8EB05588A}.Debug|Any CPU.ActiveCfg = Debug|Any CPU
		{366425CA-6918-4212-A03F-E2D8EB05588A}.Debug|Any CPU.Build.0 = Debug|Any CPU
		{366425CA-6918-4212-A03F-E2D8EB05588A}.Release|Any CPU.ActiveCfg = Release|Any CPU
		{366425CA-6918-4212-A03F-E2D8EB05588A}.Release|Any CPU.Build.0 = Release|Any CPU
		{7FCA388A-27DC-4D61-8534-12459FCF385C}.Debug|Any CPU.ActiveCfg = Debug|Any CPU
		{7FCA388A-27DC-4D61-8534-12459FCF385C}.Debug|Any CPU.Build.0 = Debug|Any CPU
		{7FCA388A-27DC-4D61-8534-12459FCF385C}.Release|Any CPU.ActiveCfg = Release|Any CPU
		{7FCA388A-27DC-4D61-8534-12459FCF385C}.Release|Any CPU.Build.0 = Release|Any CPU
	EndGlobalSection
	GlobalSection(SolutionProperties) = preSolution
		HideSolutionNode = FALSE
	EndGlobalSection
	GlobalSection(ExtensibilityGlobals) = postSolution
		SolutionGuid = {9F08C2A3-8E17-4E62-9533-4E5F0C2ADB60}
	EndGlobalSection
EndGlobal
